// !$*UTF8*$!
{
	archiveVersion = 1;
	classes = {
	};
	objectVersion = 46;
	objects = {

/* Begin PBXBuildFile section */
		AACA955B1534B30500D5AE46 /* UIKit.framework in Frameworks */ = {isa = PBXBuildFile; fileRef = AACA955A1534B30500D5AE46 /* UIKit.framework */; };
		AACA955D1534B30500D5AE46 /* Foundation.framework in Frameworks */ = {isa = PBXBuildFile; fileRef = AACA955C1534B30500D5AE46 /* Foundation.framework */; };
		AACA955F1534B30500D5AE46 /* CoreGraphics.framework in Frameworks */ = {isa = PBXBuildFile; fileRef = AACA955E1534B30500D5AE46 /* CoreGraphics.framework */; };
		AACA95651534B30500D5AE46 /* InfoPlist.strings in Resources */ = {isa = PBXBuildFile; fileRef = AACA95631534B30500D5AE46 /* InfoPlist.strings */; };
		AACA95671534B30500D5AE46 /* main.m in Sources */ = {isa = PBXBuildFile; fileRef = AACA95661534B30500D5AE46 /* main.m */; };
		AACA956B1534B30500D5AE46 /* DCAppDelegate.m in Sources */ = {isa = PBXBuildFile; fileRef = AACA956A1534B30500D5AE46 /* DCAppDelegate.m */; };
		AACA956E1534B30500D5AE46 /* DCViewController.m in Sources */ = {isa = PBXBuildFile; fileRef = AACA956D1534B30500D5AE46 /* DCViewController.m */; };
		AACA95711534B30500D5AE46 /* DCViewController_iPhone.xib in Resources */ = {isa = PBXBuildFile; fileRef = AACA956F1534B30500D5AE46 /* DCViewController_iPhone.xib */; };
		AACA95741534B30500D5AE46 /* DCViewController_iPad.xib in Resources */ = {isa = PBXBuildFile; fileRef = AACA95721534B30500D5AE46 /* DCViewController_iPad.xib */; };
/* End PBXBuildFile section */

/* Begin PBXFileReference section */
		AACA95561534B30500D5AE46 /* DCPU.app */ = {isa = PBXFileReference; explicitFileType = wrapper.application; includeInIndex = 0; path = DCPU.app; sourceTree = BUILT_PRODUCTS_DIR; };
		AACA955A1534B30500D5AE46 /* UIKit.framework */ = {isa = PBXFileReference; lastKnownFileType = wrapper.framework; name = UIKit.framework; path = System/Library/Frameworks/UIKit.framework; sourceTree = SDKROOT; };
		AACA955C1534B30500D5AE46 /* Foundation.framework */ = {isa = PBXFileReference; lastKnownFileType = wrapper.framework; name = Foundation.framework; path = System/Library/Frameworks/Foundation.framework; sourceTree = SDKROOT; };
		AACA955E1534B30500D5AE46 /* CoreGraphics.framework */ = {isa = PBXFileReference; lastKnownFileType = wrapper.framework; name = CoreGraphics.framework; path = System/Library/Frameworks/CoreGraphics.framework; sourceTree = SDKROOT; };
		AACA95621534B30500D5AE46 /* DCPU-Info.plist */ = {isa = PBXFileReference; path = "DCPU-Info.plist"; sourceTree = "<group>"; };
		AACA95641534B30500D5AE46 /* en */ = {isa = PBXFileReference; lastKnownFileType = text.plist.strings; name = en; path = en.lproj/InfoPlist.strings; sourceTree = "<group>"; };
		AACA95661534B30500D5AE46 /* main.m */ = {isa = PBXFileReference; lastKnownFileType = sourcecode.c.objc; path = main.m; sourceTree = "<group>"; };
		AACA95681534B30500D5AE46 /* DCPU-Prefix.pch */ = {isa = PBXFileReference; path = "DCPU-Prefix.pch"; sourceTree = "<group>"; };
		AACA95691534B30500D5AE46 /* DCAppDelegate.h */ = {isa = PBXFileReference; path = DCAppDelegate.h; sourceTree = "<group>"; };
		AACA956A1534B30500D5AE46 /* DCAppDelegate.m */ = {isa = PBXFileReference; lastKnownFileType = sourcecode.c.objc; path = DCAppDelegate.m; sourceTree = "<group>"; };
		AACA956C1534B30500D5AE46 /* DCViewController.h */ = {isa = PBXFileReference; path = DCViewController.h; sourceTree = "<group>"; };
		AACA956D1534B30500D5AE46 /* DCViewController.m */ = {isa = PBXFileReference; lastKnownFileType = sourcecode.c.objc; path = DCViewController.m; sourceTree = "<group>"; };
		AACA95701534B30500D5AE46 /* en */ = {isa = PBXFileReference; lastKnownFileType = file.xib; name = en; path = en.lproj/DCViewController_iPhone.xib; sourceTree = "<group>"; };
		AACA95731534B30500D5AE46 /* en */ = {isa = PBXFileReference; lastKnownFileType = file.xib; name = en; path = en.lproj/DCViewController_iPad.xib; sourceTree = "<group>"; };
/* End PBXFileReference section */

/* Begin PBXFrameworksBuildPhase section */
		AACA95531534B30500D5AE46 /* Frameworks */ = {
			isa = PBXFrameworksBuildPhase;
			buildActionMask = 2147483647;
			files = (
				AACA955B1534B30500D5AE46 /* UIKit.framework in Frameworks */,
				AACA955D1534B30500D5AE46 /* Foundation.framework in Frameworks */,
				AACA955F1534B30500D5AE46 /* CoreGraphics.framework in Frameworks */,
			);
			runOnlyForDeploymentPostprocessing = 0;
		};
/* End PBXFrameworksBuildPhase section */

/* Begin PBXGroup section */
		AACA954B1534B30500D5AE46 = {
			isa = PBXGroup;
			children = (
				AACA95601534B30500D5AE46 /* DCPU */,
				AACA95591534B30500D5AE46 /* Frameworks */,
				AACA95571534B30500D5AE46 /* Products */,
			);
			sourceTree = "<group>";
		};
		AACA95571534B30500D5AE46 /* Products */ = {
			isa = PBXGroup;
			children = (
				AACA95561534B30500D5AE46 /* DCPU.app */,
			);
			name = Products;
			sourceTree = "<group>";
		};
		AACA95591534B30500D5AE46 /* Frameworks */ = {
			isa = PBXGroup;
			children = (
				AACA955A1534B30500D5AE46 /* UIKit.framework */,
				AACA955C1534B30500D5AE46 /* Foundation.framework */,
				AACA955E1534B30500D5AE46 /* CoreGraphics.framework */,
			);
			name = Frameworks;
			sourceTree = "<group>";
		};
		AACA95601534B30500D5AE46 /* DCPU */ = {
			isa = PBXGroup;
			children = (
				AACA95691534B30500D5AE46 /* DCAppDelegate.h */,
				AACA956A1534B30500D5AE46 /* DCAppDelegate.m */,
				AACA956C1534B30500D5AE46 /* DCViewController.h */,
				AACA956D1534B30500D5AE46 /* DCViewController.m */,
				AACA956F1534B30500D5AE46 /* DCViewController_iPhone.xib */,
				AACA95721534B30500D5AE46 /* DCViewController_iPad.xib */,
				AACA95611534B30500D5AE46 /* Supporting Files */,
			);
			path = DCPU;
			sourceTree = "<group>";
		};
		AACA95611534B30500D5AE46 /* Supporting Files */ = {
			isa = PBXGroup;
			children = (
				AACA95621534B30500D5AE46 /* DCPU-Info.plist */,
				AACA95631534B30500D5AE46 /* InfoPlist.strings */,
				AACA95661534B30500D5AE46 /* main.m */,
				AACA95681534B30500D5AE46 /* DCPU-Prefix.pch */,
			);
			name = "Supporting Files";
			sourceTree = "<group>";
		};
/* End PBXGroup section */

/* Begin PBXNativeTarget section */
		AACA95551534B30500D5AE46 /* DCPU */ = {
			isa = PBXNativeTarget;
			buildConfigurationList = AACA95771534B30500D5AE46 /* Build configuration list for PBXNativeTarget "DCPU" */;
			buildPhases = (
				AACA95521534B30500D5AE46 /* Sources */,
				AACA95531534B30500D5AE46 /* Frameworks */,
				AACA95541534B30500D5AE46 /* Resources */,
			);
			buildRules = (
			);
			dependencies = (
			);
			name = DCPU;
			productName = DCPU;
			productReference = AACA95561534B30500D5AE46 /* DCPU.app */;
			productType = "com.apple.product-type.application";
		};
/* End PBXNativeTarget section */

/* Begin PBXProject section */
		AACA954D1534B30500D5AE46 /* Project object */ = {
			isa = PBXProject;
			attributes = {
				CLASSPREFIX = DC;
				LastUpgradeCheck = 0430;
				ORGANIZATIONNAME = "e-Legion";
			};
			buildConfigurationList = AACA95501534B30500D5AE46 /* Build configuration list for PBXProject "DCPU" */;
			compatibilityVersion = "Xcode 3.2";
			developmentRegion = English;
			hasScannedForEncodings = 0;
			knownRegions = (
				en,
			);
			mainGroup = AACA954B1534B30500D5AE46;
			productRefGroup = AACA95571534B30500D5AE46 /* Products */;
			projectDirPath = "";
			projectRoot = "";
			targets = (
				AACA95551534B30500D5AE46 /* DCPU */,
			);
		};
/* End PBXProject section */

/* Begin PBXResourcesBuildPhase section */
		AACA95541534B30500D5AE46 /* Resources */ = {
			isa = PBXResourcesBuildPhase;
			buildActionMask = 2147483647;
			files = (
				AACA95651534B30500D5AE46 /* InfoPlist.strings in Resources */,
				AACA95711534B30500D5AE46 /* DCViewController_iPhone.xib in Resources */,
				AACA95741534B30500D5AE46 /* DCViewController_iPad.xib in Resources */,
			);
			runOnlyForDeploymentPostprocessing = 0;
		};
/* End PBXResourcesBuildPhase section */

/* Begin PBXSourcesBuildPhase section */
		AACA95521534B30500D5AE46 /* Sources */ = {
			isa = PBXSourcesBuildPhase;
			buildActionMask = 2147483647;
			files = (
				AACA95671534B30500D5AE46 /* main.m in Sources */,
				AACA956B1534B30500D5AE46 /* DCAppDelegate.m in Sources */,
				AACA956E1534B30500D5AE46 /* DCViewController.m in Sources */,
			);
			runOnlyForDeploymentPostprocessing = 0;
		};
/* End PBXSourcesBuildPhase section */

/* Begin PBXVariantGroup section */
		AACA95631534B30500D5AE46 /* InfoPlist.strings */ = {
			isa = PBXVariantGroup;
			children = (
				AACA95641534B30500D5AE46 /* en */,
			);
			name = InfoPlist.strings;
			sourceTree = "<group>";
		};
		AACA956F1534B30500D5AE46 /* DCViewController_iPhone.xib */ = {
			isa = PBXVariantGroup;
			children = (
				AACA95701534B30500D5AE46 /* en */,
			);
			name = DCViewController_iPhone.xib;
			sourceTree = "<group>";
		};
		AACA95721534B30500D5AE46 /* DCViewController_iPad.xib */ = {
			isa = PBXVariantGroup;
			children = (
				AACA95731534B30500D5AE46 /* en */,
			);
			name = DCViewController_iPad.xib;
			sourceTree = "<group>";
		};
/* End PBXVariantGroup section */

/* Begin XCBuildConfiguration section */
		AACA95751534B30500D5AE46 /* Debug */ = {
			isa = XCBuildConfiguration;
			buildSettings = {
				ALWAYS_SEARCH_USER_PATHS = NO;
				ARCHS = "$(ARCHS_STANDARD_32_BIT)";
				CLANG_ENABLE_OBJC_ARC = YES;
				"CODE_SIGN_IDENTITY[sdk=iphoneos*]" = "iPhone Developer";
				COPY_PHASE_STRIP = NO;
				GCC_C_LANGUAGE_STANDARD = gnu99;
				GCC_DYNAMIC_NO_PIC = NO;
				GCC_OPTIMIZATION_LEVEL = 0;
				GCC_PREPROCESSOR_DEFINITIONS = (
					"DEBUG=1",
					"$(inherited)",
				);
				GCC_SYMBOLS_PRIVATE_EXTERN = NO;
				GCC_VERSION = com.apple.compilers.llvm.clang.1_0;
				GCC_WARN_ABOUT_RETURN_TYPE = YES;
				GCC_WARN_UNINITIALIZED_AUTOS = YES;
				GCC_WARN_UNUSED_VARIABLE = YES;
				IPHONEOS_DEPLOYMENT_TARGET = 5.1;
				SDKROOT = iphoneos;
				TARGETED_DEVICE_FAMILY = "1,2";
			};
			name = Debug;
		};
		AACA95761534B30500D5AE46 /* Release */ = {
			isa = XCBuildConfiguration;
			buildSettings = {
				ALWAYS_SEARCH_USER_PATHS = NO;
				ARCHS = "$(ARCHS_STANDARD_32_BIT)";
				CLANG_ENABLE_OBJC_ARC = YES;
				"CODE_SIGN_IDENTITY[sdk=iphoneos*]" = "iPhone Developer";
				COPY_PHASE_STRIP = YES;
				GCC_C_LANGUAGE_STANDARD = gnu99;
				GCC_VERSION = com.apple.compilers.llvm.clang.1_0;
				GCC_WARN_ABOUT_RETURN_TYPE = YES;
				GCC_WARN_UNINITIALIZED_AUTOS = YES;
				GCC_WARN_UNUSED_VARIABLE = YES;
				IPHONEOS_DEPLOYMENT_TARGET = 5.1;
				OTHER_CFLAGS = "-DNS_BLOCK_ASSERTIONS=1";
				SDKROOT = iphoneos;
				TARGETED_DEVICE_FAMILY = "1,2";
				VALIDATE_PRODUCT = YES;
			};
			name = Release;
		};
		AACA95781534B30500D5AE46 /* Debug */ = {
			isa = XCBuildConfiguration;
			buildSettings = {
				GCC_PRECOMPILE_PREFIX_HEADER = YES;
				GCC_PREFIX_HEADER = "DCPU/DCPU-Prefix.pch";
				INFOPLIST_FILE = "DCPU/DCPU-Info.plist";
				PRODUCT_NAME = "$(TARGET_NAME)";
				WRAPPER_EXTENSION = app;
			};
			name = Debug;
		};
		AACA95791534B30500D5AE46 /* Release */ = {
			isa = XCBuildConfiguration;
			buildSettings = {
				GCC_PRECOMPILE_PREFIX_HEADER = YES;
				GCC_PREFIX_HEADER = "DCPU/DCPU-Prefix.pch";
				INFOPLIST_FILE = "DCPU/DCPU-Info.plist";
				PRODUCT_NAME = "$(TARGET_NAME)";
				WRAPPER_EXTENSION = app;
			};
			name = Release;
		};
/* End XCBuildConfiguration section */

/* Begin XCConfigurationList section */
		AACA95501534B30500D5AE46 /* Build configuration list for PBXProject "DCPU" */ = {
			isa = XCConfigurationList;
			buildConfigurations = (
				AACA95751534B30500D5AE46 /* Debug */,
				AACA95761534B30500D5AE46 /* Release */,
			);
			defaultConfigurationIsVisible = 0;
			defaultConfigurationName = Release;
		};
		AACA95771534B30500D5AE46 /* Build configuration list for PBXNativeTarget "DCPU" */ = {
			isa = XCConfigurationList;
			buildConfigurations = (
				AACA95781534B30500D5AE46 /* Debug */,
				AACA95791534B30500D5AE46 /* Release */,
			);
			defaultConfigurationIsVisible = 0;
		};
/* End XCConfigurationList section */
	};
	rootObject = AACA954D1534B30500D5AE46 /* Project object */;
}
