<?xml version="1.0" encoding="UTF-8"?>
<!DOCTYPE plist PUBLIC "-//Apple//DTD PLIST 1.0//EN" "http://www.apple.com/DTDs/PropertyList-1.0.dtd">
<plist version="1.0">
<dict>
	<key>archiveVersion</key>
	<string>1</string>
	<key>classes</key>
	<dict/>
	<key>objectVersion</key>
	<string>46</string>
	<key>objects</key>
	<dict>
		<key>43AFA4459E8E4055A9AB60C8</key>
		<dict>
			<key>fileRef</key>
			<string>5008C07F933E43AE9964ABDC</string>
			<key>isa</key>
			<string>PBXBuildFile</string>
		</dict>
		<key>4CFA9CD1E0D34541A084A3E1</key>
		<dict>
			<key>isa</key>
			<string>PBXFileReference</string>
			<key>lastKnownFileType</key>
			<string>text.xcconfig</string>
			<key>name</key>
			<string>Pods.xcconfig</string>
			<key>path</key>
			<string>Pods/Pods.xcconfig</string>
			<key>sourceTree</key>
			<string>SOURCE_ROOT</string>
		</dict>
		<key>5008C07F933E43AE9964ABDC</key>
		<dict>
			<key>explicitFileType</key>
			<string>archive.ar</string>
			<key>includeInIndex</key>
			<string>0</string>
			<key>isa</key>
			<string>PBXFileReference</string>
			<key>name</key>
			<string>libPods.a</string>
			<key>path</key>
			<string>libPods.a</string>
			<key>sourceTree</key>
			<string>BUILT_PRODUCTS_DIR</string>
		</dict>
		<key>8219D6C8634A4578BEB8A51F</key>
		<dict>
			<key>buildActionMask</key>
			<string>2147483647</string>
			<key>files</key>
			<array/>
			<key>inputPaths</key>
			<array/>
			<key>isa</key>
			<string>PBXShellScriptBuildPhase</string>
			<key>name</key>
			<string>Copy Pods Resources</string>
			<key>outputPaths</key>
			<array/>
			<key>runOnlyForDeploymentPostprocessing</key>
			<string>0</string>
			<key>shellPath</key>
			<string>/bin/sh</string>
			<key>shellScript</key>
			<string>"${SRCROOT}/Pods/Pods-resources.sh"
</string>
		</dict>
		<key>AACA954B1534B30500D5AE46</key>
		<dict>
			<key>children</key>
			<array>
				<string>AACA95601534B30500D5AE46</string>
				<string>AACA95591534B30500D5AE46</string>
				<string>AACA95571534B30500D5AE46</string>
				<string>4CFA9CD1E0D34541A084A3E1</string>
			</array>
			<key>isa</key>
			<string>PBXGroup</string>
			<key>sourceTree</key>
			<string>&lt;group&gt;</string>
		</dict>
		<key>AACA954D1534B30500D5AE46</key>
		<dict>
			<key>attributes</key>
			<dict>
				<key>CLASSPREFIX</key>
				<string>DC</string>
				<key>LastUpgradeCheck</key>
				<string>0430</string>
				<key>ORGANIZATIONNAME</key>
				<string>e-Legion</string>
			</dict>
			<key>buildConfigurationList</key>
			<string>AACA95501534B30500D5AE46</string>
			<key>compatibilityVersion</key>
			<string>Xcode 3.2</string>
			<key>developmentRegion</key>
			<string>English</string>
			<key>hasScannedForEncodings</key>
			<string>0</string>
			<key>isa</key>
			<string>PBXProject</string>
			<key>knownRegions</key>
			<array>
				<string>en</string>
			</array>
			<key>mainGroup</key>
			<string>AACA954B1534B30500D5AE46</string>
			<key>productRefGroup</key>
			<string>AACA95571534B30500D5AE46</string>
			<key>projectDirPath</key>
			<string></string>
			<key>projectRoot</key>
			<string></string>
			<key>targets</key>
			<array>
				<string>AACA95551534B30500D5AE46</string>
			</array>
		</dict>
		<key>AACA95501534B30500D5AE46</key>
		<dict>
			<key>buildConfigurations</key>
			<array>
				<string>AACA95751534B30500D5AE46</string>
				<string>AACA95761534B30500D5AE46</string>
			</array>
			<key>defaultConfigurationIsVisible</key>
			<string>0</string>
			<key>defaultConfigurationName</key>
			<string>Release</string>
			<key>isa</key>
			<string>XCConfigurationList</string>
		</dict>
		<key>AACA95521534B30500D5AE46</key>
		<dict>
			<key>buildActionMask</key>
			<string>2147483647</string>
			<key>files</key>
			<array>
				<string>AACA95671534B30500D5AE46</string>
				<string>AACA956B1534B30500D5AE46</string>
				<string>AACA956E1534B30500D5AE46</string>
				<string>AACA957D1534B35F00D5AE46</string>
			</array>
			<key>isa</key>
			<string>PBXSourcesBuildPhase</string>
			<key>runOnlyForDeploymentPostprocessing</key>
			<string>0</string>
		</dict>
		<key>AACA95531534B30500D5AE46</key>
		<dict>
			<key>buildActionMask</key>
			<string>2147483647</string>
			<key>files</key>
			<array>
				<string>AACA955B1534B30500D5AE46</string>
				<string>AACA955D1534B30500D5AE46</string>
				<string>AACA955F1534B30500D5AE46</string>
				<string>43AFA4459E8E4055A9AB60C8</string>
			</array>
			<key>isa</key>
			<string>PBXFrameworksBuildPhase</string>
			<key>runOnlyForDeploymentPostprocessing</key>
			<string>0</string>
		</dict>
		<key>AACA95541534B30500D5AE46</key>
		<dict>
			<key>buildActionMask</key>
			<string>2147483647</string>
			<key>files</key>
			<array>
				<string>AACA95651534B30500D5AE46</string>
				<string>AACA95711534B30500D5AE46</string>
				<string>AACA95741534B30500D5AE46</string>
				<string>AACA95801534B80500D5AE46</string>
			</array>
			<key>isa</key>
			<string>PBXResourcesBuildPhase</string>
			<key>runOnlyForDeploymentPostprocessing</key>
			<string>0</string>
		</dict>
		<key>AACA95551534B30500D5AE46</key>
		<dict>
			<key>buildConfigurationList</key>
			<string>AACA95771534B30500D5AE46</string>
			<key>buildPhases</key>
			<array>
				<string>AACA95521534B30500D5AE46</string>
				<string>AACA95531534B30500D5AE46</string>
				<string>AACA95541534B30500D5AE46</string>
				<string>8219D6C8634A4578BEB8A51F</string>
			</array>
			<key>buildRules</key>
			<array/>
			<key>dependencies</key>
			<array/>
			<key>isa</key>
			<string>PBXNativeTarget</string>
			<key>name</key>
			<string>DCPU</string>
			<key>productName</key>
			<string>DCPU</string>
			<key>productReference</key>
			<string>AACA95561534B30500D5AE46</string>
			<key>productType</key>
			<string>com.apple.product-type.application</string>
		</dict>
		<key>AACA95561534B30500D5AE46</key>
		<dict>
			<key>explicitFileType</key>
			<string>wrapper.application</string>
			<key>includeInIndex</key>
			<string>0</string>
			<key>isa</key>
			<string>PBXFileReference</string>
			<key>name</key>
			<string>DCPU.app</string>
			<key>path</key>
			<string>DCPU.app</string>
			<key>sourceTree</key>
			<string>BUILT_PRODUCTS_DIR</string>
		</dict>
		<key>AACA95571534B30500D5AE46</key>
		<dict>
			<key>children</key>
			<array>
				<string>AACA95561534B30500D5AE46</string>
			</array>
			<key>isa</key>
			<string>PBXGroup</string>
			<key>name</key>
			<string>Products</string>
			<key>sourceTree</key>
			<string>&lt;group&gt;</string>
		</dict>
		<key>AACA95591534B30500D5AE46</key>
		<dict>
			<key>children</key>
			<array>
				<string>AACA955A1534B30500D5AE46</string>
				<string>AACA955C1534B30500D5AE46</string>
				<string>AACA955E1534B30500D5AE46</string>
				<string>5008C07F933E43AE9964ABDC</string>
			</array>
			<key>isa</key>
			<string>PBXGroup</string>
			<key>name</key>
			<string>Frameworks</string>
			<key>sourceTree</key>
			<string>&lt;group&gt;</string>
		</dict>
		<key>AACA955A1534B30500D5AE46</key>
		<dict>
			<key>isa</key>
			<string>PBXFileReference</string>
			<key>lastKnownFileType</key>
			<string>wrapper.framework</string>
			<key>name</key>
			<string>UIKit.framework</string>
			<key>path</key>
			<string>System/Library/Frameworks/UIKit.framework</string>
			<key>sourceTree</key>
			<string>SDKROOT</string>
		</dict>
		<key>AACA955B1534B30500D5AE46</key>
		<dict>
			<key>fileRef</key>
			<string>AACA955A1534B30500D5AE46</string>
			<key>isa</key>
			<string>PBXBuildFile</string>
		</dict>
		<key>AACA955C1534B30500D5AE46</key>
		<dict>
			<key>isa</key>
			<string>PBXFileReference</string>
			<key>lastKnownFileType</key>
			<string>wrapper.framework</string>
			<key>name</key>
			<string>Foundation.framework</string>
			<key>path</key>
			<string>System/Library/Frameworks/Foundation.framework</string>
			<key>sourceTree</key>
			<string>SDKROOT</string>
		</dict>
		<key>AACA955D1534B30500D5AE46</key>
		<dict>
			<key>fileRef</key>
			<string>AACA955C1534B30500D5AE46</string>
			<key>isa</key>
			<string>PBXBuildFile</string>
		</dict>
		<key>AACA955E1534B30500D5AE46</key>
		<dict>
			<key>isa</key>
			<string>PBXFileReference</string>
			<key>lastKnownFileType</key>
			<string>wrapper.framework</string>
			<key>name</key>
			<string>CoreGraphics.framework</string>
			<key>path</key>
			<string>System/Library/Frameworks/CoreGraphics.framework</string>
			<key>sourceTree</key>
			<string>SDKROOT</string>
		</dict>
		<key>AACA955F1534B30500D5AE46</key>
		<dict>
			<key>fileRef</key>
			<string>AACA955E1534B30500D5AE46</string>
			<key>isa</key>
			<string>PBXBuildFile</string>
		</dict>
		<key>AACA95601534B30500D5AE46</key>
		<dict>
			<key>children</key>
			<array>
				<string>AACA957A1534B31400D5AE46</string>
				<string>AACA95691534B30500D5AE46</string>
				<string>AACA956A1534B30500D5AE46</string>
				<string>AACA956C1534B30500D5AE46</string>
				<string>AACA956D1534B30500D5AE46</string>
				<string>AACA956F1534B30500D5AE46</string>
				<string>AACA95721534B30500D5AE46</string>
				<string>AACA95611534B30500D5AE46</string>
			</array>
			<key>isa</key>
			<string>PBXGroup</string>
			<key>path</key>
			<string>DCPU</string>
			<key>sourceTree</key>
			<string>&lt;group&gt;</string>
		</dict>
		<key>AACA95611534B30500D5AE46</key>
		<dict>
			<key>children</key>
			<array>
				<string>AACA957F1534B80500D5AE46</string>
				<string>AACA95621534B30500D5AE46</string>
				<string>AACA95631534B30500D5AE46</string>
				<string>AACA95661534B30500D5AE46</string>
				<string>AACA95681534B30500D5AE46</string>
			</array>
			<key>isa</key>
			<string>PBXGroup</string>
			<key>name</key>
			<string>Supporting Files</string>
			<key>sourceTree</key>
			<string>&lt;group&gt;</string>
		</dict>
		<key>AACA95621534B30500D5AE46</key>
		<dict>
			<key>isa</key>
			<string>PBXFileReference</string>
			<key>lastKnownFileType</key>
			<string>text.plist.xml</string>
			<key>name</key>
			<string>DCPU-Info.plist</string>
			<key>path</key>
			<string>DCPU-Info.plist</string>
			<key>sourceTree</key>
			<string>&lt;group&gt;</string>
		</dict>
		<key>AACA95631534B30500D5AE46</key>
		<dict>
			<key>children</key>
			<array>
				<string>AACA95641534B30500D5AE46</string>
			</array>
			<key>isa</key>
			<string>PBXVariantGroup</string>
			<key>name</key>
			<string>InfoPlist.strings</string>
			<key>sourceTree</key>
			<string>&lt;group&gt;</string>
		</dict>
		<key>AACA95641534B30500D5AE46</key>
		<dict>
			<key>isa</key>
			<string>PBXFileReference</string>
			<key>lastKnownFileType</key>
			<string>text.plist.strings</string>
			<key>name</key>
			<string>en</string>
			<key>path</key>
			<string>en.lproj/InfoPlist.strings</string>
			<key>sourceTree</key>
			<string>&lt;group&gt;</string>
		</dict>
		<key>AACA95651534B30500D5AE46</key>
		<dict>
			<key>fileRef</key>
			<string>AACA95631534B30500D5AE46</string>
			<key>isa</key>
			<string>PBXBuildFile</string>
		</dict>
		<key>AACA95661534B30500D5AE46</key>
		<dict>
			<key>isa</key>
			<string>PBXFileReference</string>
			<key>lastKnownFileType</key>
			<string>sourcecode.c.objc</string>
			<key>name</key>
			<string>main.m</string>
			<key>path</key>
			<string>main.m</string>
			<key>sourceTree</key>
			<string>&lt;group&gt;</string>
		</dict>
		<key>AACA95671534B30500D5AE46</key>
		<dict>
			<key>fileRef</key>
			<string>AACA95661534B30500D5AE46</string>
			<key>isa</key>
			<string>PBXBuildFile</string>
		</dict>
		<key>AACA95681534B30500D5AE46</key>
		<dict>
			<key>isa</key>
			<string>PBXFileReference</string>
			<key>lastKnownFileType</key>
			<string>sourcecode.c.h</string>
			<key>name</key>
			<string>DCPU-Prefix.pch</string>
			<key>path</key>
			<string>DCPU-Prefix.pch</string>
			<key>sourceTree</key>
			<string>&lt;group&gt;</string>
		</dict>
		<key>AACA95691534B30500D5AE46</key>
		<dict>
			<key>isa</key>
			<string>PBXFileReference</string>
			<key>lastKnownFileType</key>
			<string>sourcecode.c.h</string>
			<key>name</key>
			<string>DCAppDelegate.h</string>
			<key>path</key>
			<string>DCAppDelegate.h</string>
			<key>sourceTree</key>
			<string>&lt;group&gt;</string>
		</dict>
		<key>AACA956A1534B30500D5AE46</key>
		<dict>
			<key>isa</key>
			<string>PBXFileReference</string>
			<key>lastKnownFileType</key>
			<string>sourcecode.c.objc</string>
			<key>name</key>
			<string>DCAppDelegate.m</string>
			<key>path</key>
			<string>DCAppDelegate.m</string>
			<key>sourceTree</key>
			<string>&lt;group&gt;</string>
		</dict>
		<key>AACA956B1534B30500D5AE46</key>
		<dict>
			<key>fileRef</key>
			<string>AACA956A1534B30500D5AE46</string>
			<key>isa</key>
			<string>PBXBuildFile</string>
		</dict>
		<key>AACA956C1534B30500D5AE46</key>
		<dict>
			<key>isa</key>
			<string>PBXFileReference</string>
			<key>lastKnownFileType</key>
			<string>sourcecode.c.h</string>
			<key>name</key>
			<string>DCViewController.h</string>
			<key>path</key>
			<string>DCViewController.h</string>
			<key>sourceTree</key>
			<string>&lt;group&gt;</string>
		</dict>
		<key>AACA956D1534B30500D5AE46</key>
		<dict>
			<key>isa</key>
			<string>PBXFileReference</string>
			<key>lastKnownFileType</key>
			<string>sourcecode.c.objc</string>
			<key>name</key>
			<string>DCViewController.m</string>
			<key>path</key>
			<string>DCViewController.m</string>
			<key>sourceTree</key>
			<string>&lt;group&gt;</string>
		</dict>
		<key>AACA956E1534B30500D5AE46</key>
		<dict>
			<key>fileRef</key>
			<string>AACA956D1534B30500D5AE46</string>
			<key>isa</key>
			<string>PBXBuildFile</string>
		</dict>
		<key>AACA956F1534B30500D5AE46</key>
		<dict>
			<key>children</key>
			<array>
				<string>AACA95701534B30500D5AE46</string>
			</array>
			<key>isa</key>
			<string>PBXVariantGroup</string>
			<key>name</key>
			<string>DCViewController_iPhone.xib</string>
			<key>sourceTree</key>
			<string>&lt;group&gt;</string>
		</dict>
		<key>AACA95701534B30500D5AE46</key>
		<dict>
			<key>isa</key>
			<string>PBXFileReference</string>
			<key>lastKnownFileType</key>
			<string>file.xib</string>
			<key>name</key>
			<string>en</string>
			<key>path</key>
			<string>en.lproj/DCViewController_iPhone.xib</string>
			<key>sourceTree</key>
			<string>&lt;group&gt;</string>
		</dict>
		<key>AACA95711534B30500D5AE46</key>
		<dict>
			<key>fileRef</key>
			<string>AACA956F1534B30500D5AE46</string>
			<key>isa</key>
			<string>PBXBuildFile</string>
		</dict>
		<key>AACA95721534B30500D5AE46</key>
		<dict>
			<key>children</key>
			<array>
				<string>AACA95731534B30500D5AE46</string>
			</array>
			<key>isa</key>
			<string>PBXVariantGroup</string>
			<key>name</key>
			<string>DCViewController_iPad.xib</string>
			<key>sourceTree</key>
			<string>&lt;group&gt;</string>
		</dict>
		<key>AACA95731534B30500D5AE46</key>
		<dict>
			<key>isa</key>
			<string>PBXFileReference</string>
			<key>lastKnownFileType</key>
			<string>file.xib</string>
			<key>name</key>
			<string>en</string>
			<key>path</key>
			<string>en.lproj/DCViewController_iPad.xib</string>
			<key>sourceTree</key>
			<string>&lt;group&gt;</string>
		</dict>
		<key>AACA95741534B30500D5AE46</key>
		<dict>
			<key>fileRef</key>
			<string>AACA95721534B30500D5AE46</string>
			<key>isa</key>
			<string>PBXBuildFile</string>
		</dict>
		<key>AACA95751534B30500D5AE46</key>
		<dict>
			<key>buildSettings</key>
			<dict>
				<key>ALWAYS_SEARCH_USER_PATHS</key>
				<string>NO</string>
				<key>ARCHS</key>
				<string>$(ARCHS_STANDARD_32_BIT)</string>
				<key>CLANG_ENABLE_OBJC_ARC</key>
				<string>YES</string>
				<key>CODE_SIGN_IDENTITY[sdk=iphoneos*]</key>
				<string>iPhone Developer</string>
				<key>COPY_PHASE_STRIP</key>
				<string>NO</string>
				<key>GCC_C_LANGUAGE_STANDARD</key>
				<string>gnu99</string>
				<key>GCC_DYNAMIC_NO_PIC</key>
				<string>NO</string>
				<key>GCC_OPTIMIZATION_LEVEL</key>
				<string>0</string>
				<key>GCC_PREPROCESSOR_DEFINITIONS</key>
				<array>
					<string>DEBUG=1</string>
					<string>$(inherited)</string>
				</array>
				<key>GCC_SYMBOLS_PRIVATE_EXTERN</key>
				<string>NO</string>
				<key>GCC_VERSION</key>
				<string>com.apple.compilers.llvm.clang.1_0</string>
				<key>GCC_WARN_ABOUT_RETURN_TYPE</key>
				<string>YES</string>
				<key>GCC_WARN_UNINITIALIZED_AUTOS</key>
				<string>YES</string>
				<key>GCC_WARN_UNUSED_VARIABLE</key>
				<string>YES</string>
				<key>IPHONEOS_DEPLOYMENT_TARGET</key>
				<string>5.1</string>
				<key>SDKROOT</key>
				<string>iphoneos</string>
				<key>TARGETED_DEVICE_FAMILY</key>
				<string>1,2</string>
			</dict>
			<key>isa</key>
			<string>XCBuildConfiguration</string>
			<key>name</key>
			<string>Debug</string>
		</dict>
		<key>AACA95761534B30500D5AE46</key>
		<dict>
			<key>buildSettings</key>
			<dict>
				<key>ALWAYS_SEARCH_USER_PATHS</key>
				<string>NO</string>
				<key>ARCHS</key>
				<string>$(ARCHS_STANDARD_32_BIT)</string>
				<key>CLANG_ENABLE_OBJC_ARC</key>
				<string>YES</string>
				<key>CODE_SIGN_IDENTITY[sdk=iphoneos*]</key>
				<string>iPhone Developer</string>
				<key>COPY_PHASE_STRIP</key>
				<string>YES</string>
				<key>GCC_C_LANGUAGE_STANDARD</key>
				<string>gnu99</string>
				<key>GCC_VERSION</key>
				<string>com.apple.compilers.llvm.clang.1_0</string>
				<key>GCC_WARN_ABOUT_RETURN_TYPE</key>
				<string>YES</string>
				<key>GCC_WARN_UNINITIALIZED_AUTOS</key>
				<string>YES</string>
				<key>GCC_WARN_UNUSED_VARIABLE</key>
				<string>YES</string>
				<key>IPHONEOS_DEPLOYMENT_TARGET</key>
				<string>5.1</string>
				<key>OTHER_CFLAGS</key>
				<string>-DNS_BLOCK_ASSERTIONS=1</string>
				<key>SDKROOT</key>
				<string>iphoneos</string>
				<key>TARGETED_DEVICE_FAMILY</key>
				<string>1,2</string>
				<key>VALIDATE_PRODUCT</key>
				<string>YES</string>
			</dict>
			<key>isa</key>
			<string>XCBuildConfiguration</string>
			<key>name</key>
			<string>Release</string>
		</dict>
		<key>AACA95771534B30500D5AE46</key>
		<dict>
			<key>buildConfigurations</key>
			<array>
				<string>AACA95781534B30500D5AE46</string>
				<string>AACA95791534B30500D5AE46</string>
			</array>
			<key>defaultConfigurationIsVisible</key>
			<string>0</string>
			<key>isa</key>
			<string>XCConfigurationList</string>
		</dict>
		<key>AACA95781534B30500D5AE46</key>
		<dict>
			<key>baseConfigurationReference</key>
			<string>4CFA9CD1E0D34541A084A3E1</string>
			<key>buildSettings</key>
			<dict>
				<key>DSTROOT</key>
				<string>/tmp/xcodeproj.dst</string>
				<key>GCC_PRECOMPILE_PREFIX_HEADER</key>
				<string>YES</string>
				<key>GCC_PREFIX_HEADER</key>
				<string>DCPU/DCPU-Prefix.pch</string>
				<key>GCC_VERSION</key>
				<string>com.apple.compilers.llvm.clang.1_0</string>
				<key>INFOPLIST_FILE</key>
				<string>DCPU/DCPU-Info.plist</string>
				<key>PRODUCT_NAME</key>
				<string>$(TARGET_NAME)</string>
				<key>SKIP_INSTALL</key>
				<string>YES</string>
				<key>WRAPPER_EXTENSION</key>
				<string>app</string>
			</dict>
			<key>isa</key>
			<string>XCBuildConfiguration</string>
			<key>name</key>
			<string>Debug</string>
		</dict>
		<key>AACA95791534B30500D5AE46</key>
		<dict>
			<key>baseConfigurationReference</key>
			<string>4CFA9CD1E0D34541A084A3E1</string>
			<key>buildSettings</key>
			<dict>
				<key>DSTROOT</key>
				<string>/tmp/xcodeproj.dst</string>
				<key>GCC_PRECOMPILE_PREFIX_HEADER</key>
				<string>YES</string>
				<key>GCC_PREFIX_HEADER</key>
				<string>DCPU/DCPU-Prefix.pch</string>
				<key>GCC_VERSION</key>
				<string>com.apple.compilers.llvm.clang.1_0</string>
				<key>INFOPLIST_FILE</key>
				<string>DCPU/DCPU-Info.plist</string>
				<key>PRODUCT_NAME</key>
				<string>$(TARGET_NAME)</string>
				<key>SKIP_INSTALL</key>
				<string>YES</string>
				<key>WRAPPER_EXTENSION</key>
				<string>app</string>
			</dict>
			<key>isa</key>
			<string>XCBuildConfiguration</string>
			<key>name</key>
			<string>Release</string>
		</dict>
		<key>AACA957A1534B31400D5AE46</key>
		<dict>
			<key>children</key>
			<array>
				<string>AACA957B1534B35F00D5AE46</string>
				<string>AACA957C1534B35F00D5AE46</string>
			</array>
			<key>isa</key>
			<string>PBXGroup</string>
			<key>name</key>
			<string>Emulator</string>
			<key>sourceTree</key>
			<string>&lt;group&gt;</string>
		</dict>
		<key>AACA957B1534B35F00D5AE46</key>
		<dict>
			<key>fileEncoding</key>
			<string>4</string>
			<key>isa</key>
			<string>PBXFileReference</string>
			<key>lastKnownFileType</key>
			<string>sourcecode.c.h</string>
			<key>name</key>
			<string>DCEmulator.h</string>
			<key>path</key>
			<string>Emulator/DCEmulator.h</string>
			<key>sourceTree</key>
			<string>&lt;group&gt;</string>
		</dict>
		<key>AACA957C1534B35F00D5AE46</key>
		<dict>
			<key>fileEncoding</key>
			<string>4</string>
			<key>isa</key>
			<string>PBXFileReference</string>
			<key>lastKnownFileType</key>
			<string>sourcecode.c.objc</string>
			<key>name</key>
			<string>DCEmulator.m</string>
			<key>path</key>
			<string>Emulator/DCEmulator.m</string>
			<key>sourceTree</key>
			<string>&lt;group&gt;</string>
		</dict>
		<key>AACA957D1534B35F00D5AE46</key>
		<dict>
			<key>fileRef</key>
			<string>AACA957C1534B35F00D5AE46</string>
			<key>isa</key>
			<string>PBXBuildFile</string>
		</dict>
		<key>AACA957F1534B80500D5AE46</key>
		<dict>
			<key>fileEncoding</key>
			<string>4</string>
			<key>isa</key>
			<string>PBXFileReference</string>
			<key>lastKnownFileType</key>
			<string>text</string>
			<key>name</key>
			<string>Podfile</string>
			<key>path</key>
			<string>Podfile</string>
			<key>sourceTree</key>
			<string>SOURCE_ROOT</string>
		</dict>
		<key>AACA95801534B80500D5AE46</key>
		<dict>
			<key>fileRef</key>
			<string>AACA957F1534B80500D5AE46</string>
			<key>isa</key>
			<string>PBXBuildFile</string>
		</dict>
	</dict>
	<key>rootObject</key>
	<string>AACA954D1534B30500D5AE46</string>
</dict>
</plist>
